
Microsoft Visual Studio Solution File, Format Version 12.00
# Visual Studio Version 16
VisualStudioVersion = 16.0.29123.88
MinimumVisualStudioVersion = 10.0.40219.1
Project("{FAE04EC0-301F-11D3-BF4B-00C04F79EFBC}") = "AphasiaGreetingCards", "AphasiaGreetingCards\AphasiaGreetingCards.csproj", "{F9A20329-9F38-4A51-8A0F-15215D5A1042}"
EndProject
Global
	GlobalSection(SolutionConfigurationPlatforms) = preSolution
		Debug|Any CPU = Debug|Any CPU
		Release|Any CPU = Release|Any CPU
	EndGlobalSection
	GlobalSection(ProjectConfigurationPlatforms) = postSolution
		{F9A20329-9F38-4A51-8A0F-15215D5A1042}.Debug|Any CPU.ActiveCfg = Debug|Any CPU
		{F9A20329-9F38-4A51-8A0F-15215D5A1042}.Debug|Any CPU.Build.0 = Debug|Any CPU
		{F9A20329-9F38-4A51-8A0F-15215D5A1042}.Release|Any CPU.ActiveCfg = Release|Any CPU
		{F9A20329-9F38-4A51-8A0F-15215D5A1042}.Release|Any CPU.Build.0 = Release|Any CPU
	EndGlobalSection
	GlobalSection(SolutionProperties) = preSolution
		HideSolutionNode = FALSE
	EndGlobalSection
	GlobalSection(ExtensibilityGlobals) = postSolution
		SolutionGuid = {08BB6818-7960-4F50-A5F6-61A0B456AF02}
	EndGlobalSection
EndGlobal
